
Microsoft Visual Studio Solution File, Format Version 12.00
# Visual Studio Version 17
VisualStudioVersion = 17.10.35027.167
MinimumVisualStudioVersion = 10.0.40219.1
Project("{FAE04EC0-301F-11D3-BF4B-00C04F79EFBC}") = "Analisis1925597", "Analisis1925597.csproj", "{EE1E575B-FD41-44E3-A968-371FC15A8ACB}"
EndProject
Global
	GlobalSection(SolutionConfigurationPlatforms) = preSolution
		Debug|Any CPU = Debug|Any CPU
		Release|Any CPU = Release|Any CPU
	EndGlobalSection
	GlobalSection(ProjectConfigurationPlatforms) = postSolution
		{EE1E575B-FD41-44E3-A968-371FC15A8ACB}.Debug|Any CPU.ActiveCfg = Debug|Any CPU
		{EE1E575B-FD41-44E3-A968-371FC15A8ACB}.Debug|Any CPU.Build.0 = Debug|Any CPU
		{EE1E575B-FD41-44E3-A968-371FC15A8ACB}.Debug|Any CPU.Deploy.0 = Debug|Any CPU
		{EE1E575B-FD41-44E3-A968-371FC15A8ACB}.Release|Any CPU.ActiveCfg = Release|Any CPU
		{EE1E575B-FD41-44E3-A968-371FC15A8ACB}.Release|Any CPU.Build.0 = Release|Any CPU
		{EE1E575B-FD41-44E3-A968-371FC15A8ACB}.Release|Any CPU.Deploy.0 = Release|Any CPU
	EndGlobalSection
	GlobalSection(SolutionProperties) = preSolution
		HideSolutionNode = FALSE
	EndGlobalSection
	GlobalSection(ExtensibilityGlobals) = postSolution
		SolutionGuid = {6C85284D-5236-4F05-9ECB-0EEB73AFC1C0}
	EndGlobalSection
EndGlobal
